
Microsoft Visual Studio Solution File, Format Version 12.00
# Visual Studio Version 16
VisualStudioVersion = 16.0.29319.158
MinimumVisualStudioVersion = 10.0.40219.1
Project("{9A19103F-16F7-4668-BE54-9A1E7A4F7556}") = "LiteDatabase", "LiteDatabase\LiteDatabase.csproj", "{C92DCB01-9C13-4119-882C-7965A07746B2}"
EndProject
Project("{9A19103F-16F7-4668-BE54-9A1E7A4F7556}") = "LiteDatabase.Test.NetCore", "LiteDatabase.Test.NetCore\LiteDatabase.Test.NetCore.csproj", "{C57A843C-19CA-433C-85EB-F5AB35D34CA4}"
EndProject
Project("{FAE04EC0-301F-11D3-BF4B-00C04F79EFBC}") = "L2KDB.Server", "L2KDB.Server\L2KDB.Server.csproj", "{46125144-3EE4-480F-8F7C-1AE15C0590E0}"
EndProject
Global
	GlobalSection(SolutionConfigurationPlatforms) = preSolution
		Debug|Any CPU = Debug|Any CPU
		Release|Any CPU = Release|Any CPU
	EndGlobalSection
	GlobalSection(ProjectConfigurationPlatforms) = postSolution
		{C92DCB01-9C13-4119-882C-7965A07746B2}.Debug|Any CPU.ActiveCfg = Debug|Any CPU
		{C92DCB01-9C13-4119-882C-7965A07746B2}.Debug|Any CPU.Build.0 = Debug|Any CPU
		{C92DCB01-9C13-4119-882C-7965A07746B2}.Release|Any CPU.ActiveCfg = Release|Any CPU
		{C92DCB01-9C13-4119-882C-7965A07746B2}.Release|Any CPU.Build.0 = Release|Any CPU
		{C57A843C-19CA-433C-85EB-F5AB35D34CA4}.Debug|Any CPU.ActiveCfg = Debug|Any CPU
		{C57A843C-19CA-433C-85EB-F5AB35D34CA4}.Debug|Any CPU.Build.0 = Debug|Any CPU
		{C57A843C-19CA-433C-85EB-F5AB35D34CA4}.Release|Any CPU.ActiveCfg = Release|Any CPU
		{C57A843C-19CA-433C-85EB-F5AB35D34CA4}.Release|Any CPU.Build.0 = Release|Any CPU
		{46125144-3EE4-480F-8F7C-1AE15C0590E0}.Debug|Any CPU.ActiveCfg = Debug|Any CPU
		{46125144-3EE4-480F-8F7C-1AE15C0590E0}.Debug|Any CPU.Build.0 = Debug|Any CPU
		{46125144-3EE4-480F-8F7C-1AE15C0590E0}.Release|Any CPU.ActiveCfg = Release|Any CPU
		{46125144-3EE4-480F-8F7C-1AE15C0590E0}.Release|Any CPU.Build.0 = Release|Any CPU
	EndGlobalSection
	GlobalSection(SolutionProperties) = preSolution
		HideSolutionNode = FALSE
	EndGlobalSection
	GlobalSection(ExtensibilityGlobals) = postSolution
		SolutionGuid = {818ADCDE-71AF-4E6F-9819-9460629E0B0B}
	EndGlobalSection
EndGlobal
