
Microsoft Visual Studio Solution File, Format Version 12.00
# Visual Studio Version 16
VisualStudioVersion = 16.0.29319.158
MinimumVisualStudioVersion = 10.0.40219.1
Project("{9A19103F-16F7-4668-BE54-9A1E7A4F7556}") = "LiteDatabase", "LiteDatabase\LiteDatabase.csproj", "{C92DCB01-9C13-4119-882C-7965A07746B2}"
EndProject
Project("{9A19103F-16F7-4668-BE54-9A1E7A4F7556}") = "LiteDatabase.Test.NetCore", "LiteDatabase.Test.NetCore\LiteDatabase.Test.NetCore.csproj", "{C57A843C-19CA-433C-85EB-F5AB35D34CA4}"
EndProject
Project("{9A19103F-16F7-4668-BE54-9A1E7A4F7556}") = "L2KDB.Server", "L2KDB.Server\L2KDB.Server.csproj", "{46125144-3EE4-480F-8F7C-1AE15C0590E0}"
EndProject
Project("{9A19103F-16F7-4668-BE54-9A1E7A4F7556}") = "L2KDB.Server.Test", "L2KDB.Server.Test\L2KDB.Server.Test.csproj", "{09FA91CF-3065-481D-A158-8735DB863937}"
EndProject
Project("{9A19103F-16F7-4668-BE54-9A1E7A4F7556}") = "L2KDB.Server.Config", "L2KDB.Server.Config\L2KDB.Server.Config.csproj", "{BEABFA60-1C2D-470E-B520-95D8EABC3954}"
EndProject
Project("{9A19103F-16F7-4668-BE54-9A1E7A4F7556}") = "L2KDB.Connector", "L2KDB.Connector\L2KDB.Connector.csproj", "{FB009641-17F6-436F-B292-8EA0D97A9707}"
EndProject
Project("{9A19103F-16F7-4668-BE54-9A1E7A4F7556}") = "L2KDB.Server.Console", "L2KDB.Server.Console\L2KDB.Server.Console.csproj", "{5FC5F772-B9FC-4D7E-8BB3-0719EB3A0F03}"
EndProject
Project("{9A19103F-16F7-4668-BE54-9A1E7A4F7556}") = "L2KDB.Server.UWP.ConsoleApp", "L2KDB.Server.UWP.ConsoleApp\L2KDB.Server.UWP.ConsoleApp.csproj", "{8C147000-7F5A-453C-BA76-8EE2D8FD87D7}"
EndProject
Project("{9A19103F-16F7-4668-BE54-9A1E7A4F7556}") = "L2KDB.Connector.Test", "L2KDB.Connector.Test\L2KDB.Connector.Test.csproj", "{7CCCA035-B82C-4E3B-B859-BC376E9956EE}"
EndProject
Project("{9A19103F-16F7-4668-BE54-9A1E7A4F7556}") = "L2KDB.Server.WPF", "L2KDB.Server.WPF\L2KDB.Server.WPF.csproj", "{3625833A-D4B3-4FB3-86EE-8DDAC02D2F44}"
EndProject
Project("{C7167F0D-BC9F-4E6E-AFE1-012C56B48DB5}") = "L2KDB.Server.Package", "L2KDB.Server.Package\L2KDB.Server.Package.wapproj", "{A46DB5CF-3691-4EF7-976E-8D992336D1DC}"
EndProject
Global
	GlobalSection(SolutionConfigurationPlatforms) = preSolution
		Debug|Any CPU = Debug|Any CPU
		Debug|ARM = Debug|ARM
		Debug|ARM64 = Debug|ARM64
		Debug|x64 = Debug|x64
		Debug|x86 = Debug|x86
		Release|Any CPU = Release|Any CPU
		Release|ARM = Release|ARM
		Release|ARM64 = Release|ARM64
		Release|x64 = Release|x64
		Release|x86 = Release|x86
	EndGlobalSection
	GlobalSection(ProjectConfigurationPlatforms) = postSolution
		{C92DCB01-9C13-4119-882C-7965A07746B2}.Debug|Any CPU.ActiveCfg = Debug|Any CPU
		{C92DCB01-9C13-4119-882C-7965A07746B2}.Debug|Any CPU.Build.0 = Debug|Any CPU
		{C92DCB01-9C13-4119-882C-7965A07746B2}.Debug|ARM.ActiveCfg = Debug|Any CPU
		{C92DCB01-9C13-4119-882C-7965A07746B2}.Debug|ARM.Build.0 = Debug|Any CPU
		{C92DCB01-9C13-4119-882C-7965A07746B2}.Debug|ARM64.ActiveCfg = Debug|Any CPU
		{C92DCB01-9C13-4119-882C-7965A07746B2}.Debug|ARM64.Build.0 = Debug|Any CPU
		{C92DCB01-9C13-4119-882C-7965A07746B2}.Debug|x64.ActiveCfg = Debug|Any CPU
		{C92DCB01-9C13-4119-882C-7965A07746B2}.Debug|x64.Build.0 = Debug|Any CPU
		{C92DCB01-9C13-4119-882C-7965A07746B2}.Debug|x86.ActiveCfg = Debug|Any CPU
		{C92DCB01-9C13-4119-882C-7965A07746B2}.Debug|x86.Build.0 = Debug|Any CPU
		{C92DCB01-9C13-4119-882C-7965A07746B2}.Release|Any CPU.ActiveCfg = Release|Any CPU
		{C92DCB01-9C13-4119-882C-7965A07746B2}.Release|Any CPU.Build.0 = Release|Any CPU
		{C92DCB01-9C13-4119-882C-7965A07746B2}.Release|ARM.ActiveCfg = Release|Any CPU
		{C92DCB01-9C13-4119-882C-7965A07746B2}.Release|ARM.Build.0 = Release|Any CPU
		{C92DCB01-9C13-4119-882C-7965A07746B2}.Release|ARM64.ActiveCfg = Release|Any CPU
		{C92DCB01-9C13-4119-882C-7965A07746B2}.Release|ARM64.Build.0 = Release|Any CPU
		{C92DCB01-9C13-4119-882C-7965A07746B2}.Release|x64.ActiveCfg = Release|Any CPU
		{C92DCB01-9C13-4119-882C-7965A07746B2}.Release|x64.Build.0 = Release|Any CPU
		{C92DCB01-9C13-4119-882C-7965A07746B2}.Release|x86.ActiveCfg = Release|Any CPU
		{C92DCB01-9C13-4119-882C-7965A07746B2}.Release|x86.Build.0 = Release|Any CPU
		{C57A843C-19CA-433C-85EB-F5AB35D34CA4}.Debug|Any CPU.ActiveCfg = Debug|Any CPU
		{C57A843C-19CA-433C-85EB-F5AB35D34CA4}.Debug|Any CPU.Build.0 = Debug|Any CPU
		{C57A843C-19CA-433C-85EB-F5AB35D34CA4}.Debug|ARM.ActiveCfg = Debug|Any CPU
		{C57A843C-19CA-433C-85EB-F5AB35D34CA4}.Debug|ARM.Build.0 = Debug|Any CPU
		{C57A843C-19CA-433C-85EB-F5AB35D34CA4}.Debug|ARM64.ActiveCfg = Debug|Any CPU
		{C57A843C-19CA-433C-85EB-F5AB35D34CA4}.Debug|ARM64.Build.0 = Debug|Any CPU
		{C57A843C-19CA-433C-85EB-F5AB35D34CA4}.Debug|x64.ActiveCfg = Debug|Any CPU
		{C57A843C-19CA-433C-85EB-F5AB35D34CA4}.Debug|x64.Build.0 = Debug|Any CPU
		{C57A843C-19CA-433C-85EB-F5AB35D34CA4}.Debug|x86.ActiveCfg = Debug|Any CPU
		{C57A843C-19CA-433C-85EB-F5AB35D34CA4}.Debug|x86.Build.0 = Debug|Any CPU
		{C57A843C-19CA-433C-85EB-F5AB35D34CA4}.Release|Any CPU.ActiveCfg = Release|Any CPU
		{C57A843C-19CA-433C-85EB-F5AB35D34CA4}.Release|Any CPU.Build.0 = Release|Any CPU
		{C57A843C-19CA-433C-85EB-F5AB35D34CA4}.Release|ARM.ActiveCfg = Release|Any CPU
		{C57A843C-19CA-433C-85EB-F5AB35D34CA4}.Release|ARM.Build.0 = Release|Any CPU
		{C57A843C-19CA-433C-85EB-F5AB35D34CA4}.Release|ARM64.ActiveCfg = Release|Any CPU
		{C57A843C-19CA-433C-85EB-F5AB35D34CA4}.Release|ARM64.Build.0 = Release|Any CPU
		{C57A843C-19CA-433C-85EB-F5AB35D34CA4}.Release|x64.ActiveCfg = Release|Any CPU
		{C57A843C-19CA-433C-85EB-F5AB35D34CA4}.Release|x64.Build.0 = Release|Any CPU
		{C57A843C-19CA-433C-85EB-F5AB35D34CA4}.Release|x86.ActiveCfg = Release|Any CPU
		{C57A843C-19CA-433C-85EB-F5AB35D34CA4}.Release|x86.Build.0 = Release|Any CPU
		{46125144-3EE4-480F-8F7C-1AE15C0590E0}.Debug|Any CPU.ActiveCfg = Debug|Any CPU
		{46125144-3EE4-480F-8F7C-1AE15C0590E0}.Debug|Any CPU.Build.0 = Debug|Any CPU
		{46125144-3EE4-480F-8F7C-1AE15C0590E0}.Debug|ARM.ActiveCfg = Debug|Any CPU
		{46125144-3EE4-480F-8F7C-1AE15C0590E0}.Debug|ARM.Build.0 = Debug|Any CPU
		{46125144-3EE4-480F-8F7C-1AE15C0590E0}.Debug|ARM64.ActiveCfg = Debug|Any CPU
		{46125144-3EE4-480F-8F7C-1AE15C0590E0}.Debug|ARM64.Build.0 = Debug|Any CPU
		{46125144-3EE4-480F-8F7C-1AE15C0590E0}.Debug|x64.ActiveCfg = Debug|Any CPU
		{46125144-3EE4-480F-8F7C-1AE15C0590E0}.Debug|x64.Build.0 = Debug|Any CPU
		{46125144-3EE4-480F-8F7C-1AE15C0590E0}.Debug|x86.ActiveCfg = Debug|Any CPU
		{46125144-3EE4-480F-8F7C-1AE15C0590E0}.Debug|x86.Build.0 = Debug|Any CPU
		{46125144-3EE4-480F-8F7C-1AE15C0590E0}.Release|Any CPU.ActiveCfg = Release|Any CPU
		{46125144-3EE4-480F-8F7C-1AE15C0590E0}.Release|Any CPU.Build.0 = Release|Any CPU
		{46125144-3EE4-480F-8F7C-1AE15C0590E0}.Release|ARM.ActiveCfg = Release|Any CPU
		{46125144-3EE4-480F-8F7C-1AE15C0590E0}.Release|ARM.Build.0 = Release|Any CPU
		{46125144-3EE4-480F-8F7C-1AE15C0590E0}.Release|ARM64.ActiveCfg = Release|Any CPU
		{46125144-3EE4-480F-8F7C-1AE15C0590E0}.Release|ARM64.Build.0 = Release|Any CPU
		{46125144-3EE4-480F-8F7C-1AE15C0590E0}.Release|x64.ActiveCfg = Release|Any CPU
		{46125144-3EE4-480F-8F7C-1AE15C0590E0}.Release|x64.Build.0 = Release|Any CPU
		{46125144-3EE4-480F-8F7C-1AE15C0590E0}.Release|x86.ActiveCfg = Release|Any CPU
		{46125144-3EE4-480F-8F7C-1AE15C0590E0}.Release|x86.Build.0 = Release|Any CPU
		{09FA91CF-3065-481D-A158-8735DB863937}.Debug|Any CPU.ActiveCfg = Debug|Any CPU
		{09FA91CF-3065-481D-A158-8735DB863937}.Debug|Any CPU.Build.0 = Debug|Any CPU
		{09FA91CF-3065-481D-A158-8735DB863937}.Debug|ARM.ActiveCfg = Debug|Any CPU
		{09FA91CF-3065-481D-A158-8735DB863937}.Debug|ARM.Build.0 = Debug|Any CPU
		{09FA91CF-3065-481D-A158-8735DB863937}.Debug|ARM64.ActiveCfg = Debug|Any CPU
		{09FA91CF-3065-481D-A158-8735DB863937}.Debug|ARM64.Build.0 = Debug|Any CPU
		{09FA91CF-3065-481D-A158-8735DB863937}.Debug|x64.ActiveCfg = Debug|Any CPU
		{09FA91CF-3065-481D-A158-8735DB863937}.Debug|x64.Build.0 = Debug|Any CPU
		{09FA91CF-3065-481D-A158-8735DB863937}.Debug|x86.ActiveCfg = Debug|Any CPU
		{09FA91CF-3065-481D-A158-8735DB863937}.Debug|x86.Build.0 = Debug|Any CPU
		{09FA91CF-3065-481D-A158-8735DB863937}.Release|Any CPU.ActiveCfg = Release|Any CPU
		{09FA91CF-3065-481D-A158-8735DB863937}.Release|Any CPU.Build.0 = Release|Any CPU
		{09FA91CF-3065-481D-A158-8735DB863937}.Release|ARM.ActiveCfg = Release|Any CPU
		{09FA91CF-3065-481D-A158-8735DB863937}.Release|ARM.Build.0 = Release|Any CPU
		{09FA91CF-3065-481D-A158-8735DB863937}.Release|ARM64.ActiveCfg = Release|Any CPU
		{09FA91CF-3065-481D-A158-8735DB863937}.Release|ARM64.Build.0 = Release|Any CPU
		{09FA91CF-3065-481D-A158-8735DB863937}.Release|x64.ActiveCfg = Release|Any CPU
		{09FA91CF-3065-481D-A158-8735DB863937}.Release|x64.Build.0 = Release|Any CPU
		{09FA91CF-3065-481D-A158-8735DB863937}.Release|x86.ActiveCfg = Release|Any CPU
		{09FA91CF-3065-481D-A158-8735DB863937}.Release|x86.Build.0 = Release|Any CPU
		{BEABFA60-1C2D-470E-B520-95D8EABC3954}.Debug|Any CPU.ActiveCfg = Debug|Any CPU
		{BEABFA60-1C2D-470E-B520-95D8EABC3954}.Debug|Any CPU.Build.0 = Debug|Any CPU
		{BEABFA60-1C2D-470E-B520-95D8EABC3954}.Debug|ARM.ActiveCfg = Debug|Any CPU
		{BEABFA60-1C2D-470E-B520-95D8EABC3954}.Debug|ARM.Build.0 = Debug|Any CPU
		{BEABFA60-1C2D-470E-B520-95D8EABC3954}.Debug|ARM64.ActiveCfg = Debug|Any CPU
		{BEABFA60-1C2D-470E-B520-95D8EABC3954}.Debug|ARM64.Build.0 = Debug|Any CPU
		{BEABFA60-1C2D-470E-B520-95D8EABC3954}.Debug|x64.ActiveCfg = Debug|Any CPU
		{BEABFA60-1C2D-470E-B520-95D8EABC3954}.Debug|x64.Build.0 = Debug|Any CPU
		{BEABFA60-1C2D-470E-B520-95D8EABC3954}.Debug|x86.ActiveCfg = Debug|Any CPU
		{BEABFA60-1C2D-470E-B520-95D8EABC3954}.Debug|x86.Build.0 = Debug|Any CPU
		{BEABFA60-1C2D-470E-B520-95D8EABC3954}.Release|Any CPU.ActiveCfg = Release|Any CPU
		{BEABFA60-1C2D-470E-B520-95D8EABC3954}.Release|Any CPU.Build.0 = Release|Any CPU
		{BEABFA60-1C2D-470E-B520-95D8EABC3954}.Release|ARM.ActiveCfg = Release|Any CPU
		{BEABFA60-1C2D-470E-B520-95D8EABC3954}.Release|ARM.Build.0 = Release|Any CPU
		{BEABFA60-1C2D-470E-B520-95D8EABC3954}.Release|ARM64.ActiveCfg = Release|Any CPU
		{BEABFA60-1C2D-470E-B520-95D8EABC3954}.Release|ARM64.Build.0 = Release|Any CPU
		{BEABFA60-1C2D-470E-B520-95D8EABC3954}.Release|x64.ActiveCfg = Release|Any CPU
		{BEABFA60-1C2D-470E-B520-95D8EABC3954}.Release|x64.Build.0 = Release|Any CPU
		{BEABFA60-1C2D-470E-B520-95D8EABC3954}.Release|x86.ActiveCfg = Release|Any CPU
		{BEABFA60-1C2D-470E-B520-95D8EABC3954}.Release|x86.Build.0 = Release|Any CPU
		{FB009641-17F6-436F-B292-8EA0D97A9707}.Debug|Any CPU.ActiveCfg = Debug|Any CPU
		{FB009641-17F6-436F-B292-8EA0D97A9707}.Debug|Any CPU.Build.0 = Debug|Any CPU
		{FB009641-17F6-436F-B292-8EA0D97A9707}.Debug|ARM.ActiveCfg = Debug|Any CPU
		{FB009641-17F6-436F-B292-8EA0D97A9707}.Debug|ARM.Build.0 = Debug|Any CPU
		{FB009641-17F6-436F-B292-8EA0D97A9707}.Debug|ARM64.ActiveCfg = Debug|Any CPU
		{FB009641-17F6-436F-B292-8EA0D97A9707}.Debug|ARM64.Build.0 = Debug|Any CPU
		{FB009641-17F6-436F-B292-8EA0D97A9707}.Debug|x64.ActiveCfg = Debug|Any CPU
		{FB009641-17F6-436F-B292-8EA0D97A9707}.Debug|x64.Build.0 = Debug|Any CPU
		{FB009641-17F6-436F-B292-8EA0D97A9707}.Debug|x86.ActiveCfg = Debug|Any CPU
		{FB009641-17F6-436F-B292-8EA0D97A9707}.Debug|x86.Build.0 = Debug|Any CPU
		{FB009641-17F6-436F-B292-8EA0D97A9707}.Release|Any CPU.ActiveCfg = Release|Any CPU
		{FB009641-17F6-436F-B292-8EA0D97A9707}.Release|Any CPU.Build.0 = Release|Any CPU
		{FB009641-17F6-436F-B292-8EA0D97A9707}.Release|ARM.ActiveCfg = Release|Any CPU
		{FB009641-17F6-436F-B292-8EA0D97A9707}.Release|ARM.Build.0 = Release|Any CPU
		{FB009641-17F6-436F-B292-8EA0D97A9707}.Release|ARM64.ActiveCfg = Release|Any CPU
		{FB009641-17F6-436F-B292-8EA0D97A9707}.Release|ARM64.Build.0 = Release|Any CPU
		{FB009641-17F6-436F-B292-8EA0D97A9707}.Release|x64.ActiveCfg = Release|Any CPU
		{FB009641-17F6-436F-B292-8EA0D97A9707}.Release|x64.Build.0 = Release|Any CPU
		{FB009641-17F6-436F-B292-8EA0D97A9707}.Release|x86.ActiveCfg = Release|Any CPU
		{FB009641-17F6-436F-B292-8EA0D97A9707}.Release|x86.Build.0 = Release|Any CPU
		{5FC5F772-B9FC-4D7E-8BB3-0719EB3A0F03}.Debug|Any CPU.ActiveCfg = Debug|Any CPU
		{5FC5F772-B9FC-4D7E-8BB3-0719EB3A0F03}.Debug|Any CPU.Build.0 = Debug|Any CPU
		{5FC5F772-B9FC-4D7E-8BB3-0719EB3A0F03}.Debug|ARM.ActiveCfg = Debug|Any CPU
		{5FC5F772-B9FC-4D7E-8BB3-0719EB3A0F03}.Debug|ARM.Build.0 = Debug|Any CPU
		{5FC5F772-B9FC-4D7E-8BB3-0719EB3A0F03}.Debug|ARM64.ActiveCfg = Debug|Any CPU
		{5FC5F772-B9FC-4D7E-8BB3-0719EB3A0F03}.Debug|ARM64.Build.0 = Debug|Any CPU
		{5FC5F772-B9FC-4D7E-8BB3-0719EB3A0F03}.Debug|x64.ActiveCfg = Debug|Any CPU
		{5FC5F772-B9FC-4D7E-8BB3-0719EB3A0F03}.Debug|x64.Build.0 = Debug|Any CPU
		{5FC5F772-B9FC-4D7E-8BB3-0719EB3A0F03}.Debug|x86.ActiveCfg = Debug|Any CPU
		{5FC5F772-B9FC-4D7E-8BB3-0719EB3A0F03}.Debug|x86.Build.0 = Debug|Any CPU
		{5FC5F772-B9FC-4D7E-8BB3-0719EB3A0F03}.Release|Any CPU.ActiveCfg = Release|Any CPU
		{5FC5F772-B9FC-4D7E-8BB3-0719EB3A0F03}.Release|Any CPU.Build.0 = Release|Any CPU
		{5FC5F772-B9FC-4D7E-8BB3-0719EB3A0F03}.Release|ARM.ActiveCfg = Release|Any CPU
		{5FC5F772-B9FC-4D7E-8BB3-0719EB3A0F03}.Release|ARM.Build.0 = Release|Any CPU
		{5FC5F772-B9FC-4D7E-8BB3-0719EB3A0F03}.Release|ARM64.ActiveCfg = Release|Any CPU
		{5FC5F772-B9FC-4D7E-8BB3-0719EB3A0F03}.Release|ARM64.Build.0 = Release|Any CPU
		{5FC5F772-B9FC-4D7E-8BB3-0719EB3A0F03}.Release|x64.ActiveCfg = Release|Any CPU
		{5FC5F772-B9FC-4D7E-8BB3-0719EB3A0F03}.Release|x64.Build.0 = Release|Any CPU
		{5FC5F772-B9FC-4D7E-8BB3-0719EB3A0F03}.Release|x86.ActiveCfg = Release|Any CPU
		{5FC5F772-B9FC-4D7E-8BB3-0719EB3A0F03}.Release|x86.Build.0 = Release|Any CPU
		{8C147000-7F5A-453C-BA76-8EE2D8FD87D7}.Debug|Any CPU.ActiveCfg = Debug|Any CPU
		{8C147000-7F5A-453C-BA76-8EE2D8FD87D7}.Debug|Any CPU.Build.0 = Debug|Any CPU
		{8C147000-7F5A-453C-BA76-8EE2D8FD87D7}.Debug|ARM.ActiveCfg = Debug|Any CPU
		{8C147000-7F5A-453C-BA76-8EE2D8FD87D7}.Debug|ARM.Build.0 = Debug|Any CPU
		{8C147000-7F5A-453C-BA76-8EE2D8FD87D7}.Debug|ARM64.ActiveCfg = Debug|Any CPU
		{8C147000-7F5A-453C-BA76-8EE2D8FD87D7}.Debug|ARM64.Build.0 = Debug|Any CPU
		{8C147000-7F5A-453C-BA76-8EE2D8FD87D7}.Debug|x64.ActiveCfg = Debug|Any CPU
		{8C147000-7F5A-453C-BA76-8EE2D8FD87D7}.Debug|x64.Build.0 = Debug|Any CPU
		{8C147000-7F5A-453C-BA76-8EE2D8FD87D7}.Debug|x86.ActiveCfg = Debug|Any CPU
		{8C147000-7F5A-453C-BA76-8EE2D8FD87D7}.Debug|x86.Build.0 = Debug|Any CPU
		{8C147000-7F5A-453C-BA76-8EE2D8FD87D7}.Release|Any CPU.ActiveCfg = Release|Any CPU
		{8C147000-7F5A-453C-BA76-8EE2D8FD87D7}.Release|Any CPU.Build.0 = Release|Any CPU
		{8C147000-7F5A-453C-BA76-8EE2D8FD87D7}.Release|ARM.ActiveCfg = Release|Any CPU
		{8C147000-7F5A-453C-BA76-8EE2D8FD87D7}.Release|ARM.Build.0 = Release|Any CPU
		{8C147000-7F5A-453C-BA76-8EE2D8FD87D7}.Release|ARM64.ActiveCfg = Release|Any CPU
		{8C147000-7F5A-453C-BA76-8EE2D8FD87D7}.Release|ARM64.Build.0 = Release|Any CPU
		{8C147000-7F5A-453C-BA76-8EE2D8FD87D7}.Release|x64.ActiveCfg = Release|Any CPU
		{8C147000-7F5A-453C-BA76-8EE2D8FD87D7}.Release|x64.Build.0 = Release|Any CPU
		{8C147000-7F5A-453C-BA76-8EE2D8FD87D7}.Release|x86.ActiveCfg = Release|Any CPU
		{8C147000-7F5A-453C-BA76-8EE2D8FD87D7}.Release|x86.Build.0 = Release|Any CPU
		{7CCCA035-B82C-4E3B-B859-BC376E9956EE}.Debug|Any CPU.ActiveCfg = Debug|Any CPU
		{7CCCA035-B82C-4E3B-B859-BC376E9956EE}.Debug|Any CPU.Build.0 = Debug|Any CPU
		{7CCCA035-B82C-4E3B-B859-BC376E9956EE}.Debug|ARM.ActiveCfg = Debug|Any CPU
		{7CCCA035-B82C-4E3B-B859-BC376E9956EE}.Debug|ARM.Build.0 = Debug|Any CPU
		{7CCCA035-B82C-4E3B-B859-BC376E9956EE}.Debug|ARM64.ActiveCfg = Debug|Any CPU
		{7CCCA035-B82C-4E3B-B859-BC376E9956EE}.Debug|ARM64.Build.0 = Debug|Any CPU
		{7CCCA035-B82C-4E3B-B859-BC376E9956EE}.Debug|x64.ActiveCfg = Debug|Any CPU
		{7CCCA035-B82C-4E3B-B859-BC376E9956EE}.Debug|x64.Build.0 = Debug|Any CPU
		{7CCCA035-B82C-4E3B-B859-BC376E9956EE}.Debug|x86.ActiveCfg = Debug|Any CPU
		{7CCCA035-B82C-4E3B-B859-BC376E9956EE}.Debug|x86.Build.0 = Debug|Any CPU
		{7CCCA035-B82C-4E3B-B859-BC376E9956EE}.Release|Any CPU.ActiveCfg = Release|Any CPU
		{7CCCA035-B82C-4E3B-B859-BC376E9956EE}.Release|Any CPU.Build.0 = Release|Any CPU
		{7CCCA035-B82C-4E3B-B859-BC376E9956EE}.Release|ARM.ActiveCfg = Release|Any CPU
		{7CCCA035-B82C-4E3B-B859-BC376E9956EE}.Release|ARM.Build.0 = Release|Any CPU
		{7CCCA035-B82C-4E3B-B859-BC376E9956EE}.Release|ARM64.ActiveCfg = Release|Any CPU
		{7CCCA035-B82C-4E3B-B859-BC376E9956EE}.Release|ARM64.Build.0 = Release|Any CPU
		{7CCCA035-B82C-4E3B-B859-BC376E9956EE}.Release|x64.ActiveCfg = Release|Any CPU
		{7CCCA035-B82C-4E3B-B859-BC376E9956EE}.Release|x64.Build.0 = Release|Any CPU
		{7CCCA035-B82C-4E3B-B859-BC376E9956EE}.Release|x86.ActiveCfg = Release|Any CPU
		{7CCCA035-B82C-4E3B-B859-BC376E9956EE}.Release|x86.Build.0 = Release|Any CPU
		{3625833A-D4B3-4FB3-86EE-8DDAC02D2F44}.Debug|Any CPU.ActiveCfg = Debug|Any CPU
		{3625833A-D4B3-4FB3-86EE-8DDAC02D2F44}.Debug|Any CPU.Build.0 = Debug|Any CPU
		{3625833A-D4B3-4FB3-86EE-8DDAC02D2F44}.Debug|ARM.ActiveCfg = Debug|Any CPU
		{3625833A-D4B3-4FB3-86EE-8DDAC02D2F44}.Debug|ARM.Build.0 = Debug|Any CPU
		{3625833A-D4B3-4FB3-86EE-8DDAC02D2F44}.Debug|ARM64.ActiveCfg = Debug|Any CPU
		{3625833A-D4B3-4FB3-86EE-8DDAC02D2F44}.Debug|ARM64.Build.0 = Debug|Any CPU
		{3625833A-D4B3-4FB3-86EE-8DDAC02D2F44}.Debug|x64.ActiveCfg = Debug|Any CPU
		{3625833A-D4B3-4FB3-86EE-8DDAC02D2F44}.Debug|x64.Build.0 = Debug|Any CPU
		{3625833A-D4B3-4FB3-86EE-8DDAC02D2F44}.Debug|x86.ActiveCfg = Debug|Any CPU
		{3625833A-D4B3-4FB3-86EE-8DDAC02D2F44}.Debug|x86.Build.0 = Debug|Any CPU
		{3625833A-D4B3-4FB3-86EE-8DDAC02D2F44}.Release|Any CPU.ActiveCfg = Release|Any CPU
		{3625833A-D4B3-4FB3-86EE-8DDAC02D2F44}.Release|Any CPU.Build.0 = Release|Any CPU
		{3625833A-D4B3-4FB3-86EE-8DDAC02D2F44}.Release|ARM.ActiveCfg = Release|Any CPU
		{3625833A-D4B3-4FB3-86EE-8DDAC02D2F44}.Release|ARM.Build.0 = Release|Any CPU
		{3625833A-D4B3-4FB3-86EE-8DDAC02D2F44}.Release|ARM64.ActiveCfg = Release|Any CPU
		{3625833A-D4B3-4FB3-86EE-8DDAC02D2F44}.Release|ARM64.Build.0 = Release|Any CPU
		{3625833A-D4B3-4FB3-86EE-8DDAC02D2F44}.Release|x64.ActiveCfg = Release|Any CPU
		{3625833A-D4B3-4FB3-86EE-8DDAC02D2F44}.Release|x64.Build.0 = Release|Any CPU
		{3625833A-D4B3-4FB3-86EE-8DDAC02D2F44}.Release|x86.ActiveCfg = Release|Any CPU
		{3625833A-D4B3-4FB3-86EE-8DDAC02D2F44}.Release|x86.Build.0 = Release|Any CPU
		{A46DB5CF-3691-4EF7-976E-8D992336D1DC}.Debug|Any CPU.ActiveCfg = Debug|Any CPU
		{A46DB5CF-3691-4EF7-976E-8D992336D1DC}.Debug|Any CPU.Build.0 = Debug|Any CPU
		{A46DB5CF-3691-4EF7-976E-8D992336D1DC}.Debug|Any CPU.Deploy.0 = Debug|Any CPU
		{A46DB5CF-3691-4EF7-976E-8D992336D1DC}.Debug|ARM.ActiveCfg = Debug|ARM
		{A46DB5CF-3691-4EF7-976E-8D992336D1DC}.Debug|ARM.Build.0 = Debug|ARM
		{A46DB5CF-3691-4EF7-976E-8D992336D1DC}.Debug|ARM.Deploy.0 = Debug|ARM
		{A46DB5CF-3691-4EF7-976E-8D992336D1DC}.Debug|ARM64.ActiveCfg = Debug|ARM64
		{A46DB5CF-3691-4EF7-976E-8D992336D1DC}.Debug|ARM64.Build.0 = Debug|ARM64
		{A46DB5CF-3691-4EF7-976E-8D992336D1DC}.Debug|ARM64.Deploy.0 = Debug|ARM64
		{A46DB5CF-3691-4EF7-976E-8D992336D1DC}.Debug|x64.ActiveCfg = Debug|x64
		{A46DB5CF-3691-4EF7-976E-8D992336D1DC}.Debug|x64.Build.0 = Debug|x64
		{A46DB5CF-3691-4EF7-976E-8D992336D1DC}.Debug|x64.Deploy.0 = Debug|x64
		{A46DB5CF-3691-4EF7-976E-8D992336D1DC}.Debug|x86.ActiveCfg = Debug|x86
		{A46DB5CF-3691-4EF7-976E-8D992336D1DC}.Debug|x86.Build.0 = Debug|x86
		{A46DB5CF-3691-4EF7-976E-8D992336D1DC}.Debug|x86.Deploy.0 = Debug|x86
		{A46DB5CF-3691-4EF7-976E-8D992336D1DC}.Release|Any CPU.ActiveCfg = Release|Any CPU
		{A46DB5CF-3691-4EF7-976E-8D992336D1DC}.Release|Any CPU.Build.0 = Release|Any CPU
		{A46DB5CF-3691-4EF7-976E-8D992336D1DC}.Release|Any CPU.Deploy.0 = Release|Any CPU
		{A46DB5CF-3691-4EF7-976E-8D992336D1DC}.Release|ARM.ActiveCfg = Release|ARM
		{A46DB5CF-3691-4EF7-976E-8D992336D1DC}.Release|ARM.Build.0 = Release|ARM
		{A46DB5CF-3691-4EF7-976E-8D992336D1DC}.Release|ARM.Deploy.0 = Release|ARM
		{A46DB5CF-3691-4EF7-976E-8D992336D1DC}.Release|ARM64.ActiveCfg = Release|ARM64
		{A46DB5CF-3691-4EF7-976E-8D992336D1DC}.Release|ARM64.Build.0 = Release|ARM64
		{A46DB5CF-3691-4EF7-976E-8D992336D1DC}.Release|ARM64.Deploy.0 = Release|ARM64
		{A46DB5CF-3691-4EF7-976E-8D992336D1DC}.Release|x64.ActiveCfg = Release|x64
		{A46DB5CF-3691-4EF7-976E-8D992336D1DC}.Release|x64.Build.0 = Release|x64
		{A46DB5CF-3691-4EF7-976E-8D992336D1DC}.Release|x64.Deploy.0 = Release|x64
		{A46DB5CF-3691-4EF7-976E-8D992336D1DC}.Release|x86.ActiveCfg = Release|x86
		{A46DB5CF-3691-4EF7-976E-8D992336D1DC}.Release|x86.Build.0 = Release|x86
		{A46DB5CF-3691-4EF7-976E-8D992336D1DC}.Release|x86.Deploy.0 = Release|x86
	EndGlobalSection
	GlobalSection(SolutionProperties) = preSolution
		HideSolutionNode = FALSE
	EndGlobalSection
	GlobalSection(ExtensibilityGlobals) = postSolution
		SolutionGuid = {818ADCDE-71AF-4E6F-9819-9460629E0B0B}
	EndGlobalSection
EndGlobal
